// !$*UTF8*$!
{
	archiveVersion = 1;
	classes = {
	};
	objectVersion = 56;
	objects = {

/* Begin PBXBuildFile section */
		6D0F14562BBDB8A300015AA9 /* FruitNutrientsView.swift in Sources */ = {isa = PBXBuildFile; fileRef = 6D0F14552BBDB8A300015AA9 /* FruitNutrientsView.swift */; };
		6D0F14582BBDC4D400015AA9 /* SourceLinkView.swift in Sources */ = {isa = PBXBuildFile; fileRef = 6D0F14572BBDC4D400015AA9 /* SourceLinkView.swift */; };
		6D0F145A2BBDCC8200015AA9 /* SettingsView.swift in Sources */ = {isa = PBXBuildFile; fileRef = 6D0F14592BBDCC8200015AA9 /* SettingsView.swift */; };
		6DAB78172BBBE5670094671C /* FructusApp.swift in Sources */ = {isa = PBXBuildFile; fileRef = 6DAB78162BBBE5670094671C /* FructusApp.swift */; };
		6DAB78192BBBE5670094671C /* ContentView.swift in Sources */ = {isa = PBXBuildFile; fileRef = 6DAB78182BBBE5670094671C /* ContentView.swift */; };
		6DAB781B2BBBE5680094671C /* Assets.xcassets in Resources */ = {isa = PBXBuildFile; fileRef = 6DAB781A2BBBE5680094671C /* Assets.xcassets */; };
		6DAB781E2BBBE5680094671C /* Preview Assets.xcassets in Resources */ = {isa = PBXBuildFile; fileRef = 6DAB781D2BBBE5680094671C /* Preview Assets.xcassets */; };
		6DAB78272BBBEA240094671C /* FruitCardView.swift in Sources */ = {isa = PBXBuildFile; fileRef = 6DAB78262BBBEA240094671C /* FruitCardView.swift */; };
		6DAB78292BBBF2500094671C /* StartButtonView.swift in Sources */ = {isa = PBXBuildFile; fileRef = 6DAB78282BBBF2500094671C /* StartButtonView.swift */; };
		6DAB782B2BBBFD0F0094671C /* OnboardingView.swift in Sources */ = {isa = PBXBuildFile; fileRef = 6DAB782A2BBBFD0F0094671C /* OnboardingView.swift */; };
		6DAB782E2BBBFFBD0094671C /* FruitModel.swift in Sources */ = {isa = PBXBuildFile; fileRef = 6DAB782D2BBBFFBD0094671C /* FruitModel.swift */; };
		6DAB78312BBC00B70094671C /* FruitData.swift in Sources */ = {isa = PBXBuildFile; fileRef = 6DAB78302BBC00B70094671C /* FruitData.swift */; };
		6DAB78332BBC0D1A0094671C /* FruitRowView.swift in Sources */ = {isa = PBXBuildFile; fileRef = 6DAB78322BBC0D1A0094671C /* FruitRowView.swift */; };
		6DC4878E2BBC7E7600C09280 /* FruitDetailView.swift in Sources */ = {isa = PBXBuildFile; fileRef = 6DC4878D2BBC7E7600C09280 /* FruitDetailView.swift */; };
/* End PBXBuildFile section */

/* Begin PBXFileReference section */
		6D0F14552BBDB8A300015AA9 /* FruitNutrientsView.swift */ = {isa = PBXFileReference; lastKnownFileType = sourcecode.swift; path = FruitNutrientsView.swift; sourceTree = "<group>"; };
		6D0F14572BBDC4D400015AA9 /* SourceLinkView.swift */ = {isa = PBXFileReference; lastKnownFileType = sourcecode.swift; path = SourceLinkView.swift; sourceTree = "<group>"; };
		6D0F14592BBDCC8200015AA9 /* SettingsView.swift */ = {isa = PBXFileReference; lastKnownFileType = sourcecode.swift; path = SettingsView.swift; sourceTree = "<group>"; };
		6DAB78132BBBE5670094671C /* Fructus.app */ = {isa = PBXFileReference; explicitFileType = wrapper.application; includeInIndex = 0; path = Fructus.app; sourceTree = BUILT_PRODUCTS_DIR; };
		6DAB78162BBBE5670094671C /* FructusApp.swift */ = {isa = PBXFileReference; lastKnownFileType = sourcecode.swift; path = FructusApp.swift; sourceTree = "<group>"; };
		6DAB78182BBBE5670094671C /* ContentView.swift */ = {isa = PBXFileReference; lastKnownFileType = sourcecode.swift; path = ContentView.swift; sourceTree = "<group>"; };
		6DAB781A2BBBE5680094671C /* Assets.xcassets */ = {isa = PBXFileReference; lastKnownFileType = folder.assetcatalog; path = Assets.xcassets; sourceTree = "<group>"; };
		6DAB781D2BBBE5680094671C /* Preview Assets.xcassets */ = {isa = PBXFileReference; lastKnownFileType = folder.assetcatalog; path = "Preview Assets.xcassets"; sourceTree = "<group>"; };
		6DAB78262BBBEA240094671C /* FruitCardView.swift */ = {isa = PBXFileReference; lastKnownFileType = sourcecode.swift; path = FruitCardView.swift; sourceTree = "<group>"; };
		6DAB78282BBBF2500094671C /* StartButtonView.swift */ = {isa = PBXFileReference; lastKnownFileType = sourcecode.swift; path = StartButtonView.swift; sourceTree = "<group>"; };
		6DAB782A2BBBFD0F0094671C /* OnboardingView.swift */ = {isa = PBXFileReference; lastKnownFileType = sourcecode.swift; path = OnboardingView.swift; sourceTree = "<group>"; };
		6DAB782D2BBBFFBD0094671C /* FruitModel.swift */ = {isa = PBXFileReference; lastKnownFileType = sourcecode.swift; path = FruitModel.swift; sourceTree = "<group>"; };
		6DAB78302BBC00B70094671C /* FruitData.swift */ = {isa = PBXFileReference; lastKnownFileType = sourcecode.swift; path = FruitData.swift; sourceTree = "<group>"; };
		6DAB78322BBC0D1A0094671C /* FruitRowView.swift */ = {isa = PBXFileReference; lastKnownFileType = sourcecode.swift; path = FruitRowView.swift; sourceTree = "<group>"; };
		6DC4878D2BBC7E7600C09280 /* FruitDetailView.swift */ = {isa = PBXFileReference; lastKnownFileType = sourcecode.swift; path = FruitDetailView.swift; sourceTree = "<group>"; };
/* End PBXFileReference section */

/* Begin PBXFrameworksBuildPhase section */
		6DAB78102BBBE5670094671C /* Frameworks */ = {
			isa = PBXFrameworksBuildPhase;
			buildActionMask = 2147483647;
			files = (
			);
			runOnlyForDeploymentPostprocessing = 0;
		};
/* End PBXFrameworksBuildPhase section */

/* Begin PBXGroup section */
		6DAB780A2BBBE5670094671C = {
			isa = PBXGroup;
			children = (
				6DAB78152BBBE5670094671C /* Fructus */,
				6DAB78142BBBE5670094671C /* Products */,
			);
			sourceTree = "<group>";
		};
		6DAB78142BBBE5670094671C /* Products */ = {
			isa = PBXGroup;
			children = (
				6DAB78132BBBE5670094671C /* Fructus.app */,
			);
			name = Products;
			sourceTree = "<group>";
		};
		6DAB78152BBBE5670094671C /* Fructus */ = {
			isa = PBXGroup;
			children = (
				6DAB782F2BBC009E0094671C /* Data */,
				6DAB782C2BBBFFA80094671C /* Model */,
				6DAB78252BBBEA090094671C /* View */,
				6DAB78242BBBE9DC0094671C /* App */,
				6DAB781A2BBBE5680094671C /* Assets.xcassets */,
				6DAB781C2BBBE5680094671C /* Preview Content */,
			);
			path = Fructus;
			sourceTree = "<group>";
		};
		6DAB781C2BBBE5680094671C /* Preview Content */ = {
			isa = PBXGroup;
			children = (
				6DAB781D2BBBE5680094671C /* Preview Assets.xcassets */,
			);
			path = "Preview Content";
			sourceTree = "<group>";
		};
		6DAB78242BBBE9DC0094671C /* App */ = {
			isa = PBXGroup;
			children = (
				6DAB78162BBBE5670094671C /* FructusApp.swift */,
				6DAB78182BBBE5670094671C /* ContentView.swift */,
				6DAB782A2BBBFD0F0094671C /* OnboardingView.swift */,
				6DAB78322BBC0D1A0094671C /* FruitRowView.swift */,
				6DC4878D2BBC7E7600C09280 /* FruitDetailView.swift */,
				6D0F14592BBDCC8200015AA9 /* SettingsView.swift */,
			);
			path = App;
			sourceTree = "<group>";
		};
		6DAB78252BBBEA090094671C /* View */ = {
			isa = PBXGroup;
			children = (
				6DAB78262BBBEA240094671C /* FruitCardView.swift */,
				6DAB78282BBBF2500094671C /* StartButtonView.swift */,
				6D0F14552BBDB8A300015AA9 /* FruitNutrientsView.swift */,
				6D0F14572BBDC4D400015AA9 /* SourceLinkView.swift */,
			);
			path = View;
			sourceTree = "<group>";
		};
		6DAB782C2BBBFFA80094671C /* Model */ = {
			isa = PBXGroup;
			children = (
				6DAB782D2BBBFFBD0094671C /* FruitModel.swift */,
			);
			path = Model;
			sourceTree = "<group>";
		};
		6DAB782F2BBC009E0094671C /* Data */ = {
			isa = PBXGroup;
			children = (
				6DAB78302BBC00B70094671C /* FruitData.swift */,
			);
			path = Data;
			sourceTree = "<group>";
		};
/* End PBXGroup section */

/* Begin PBXNativeTarget section */
		6DAB78122BBBE5670094671C /* Fructus */ = {
			isa = PBXNativeTarget;
			buildConfigurationList = 6DAB78212BBBE5680094671C /* Build configuration list for PBXNativeTarget "Fructus" */;
			buildPhases = (
				6DAB780F2BBBE5670094671C /* Sources */,
				6DAB78102BBBE5670094671C /* Frameworks */,
				6DAB78112BBBE5670094671C /* Resources */,
			);
			buildRules = (
			);
			dependencies = (
			);
			name = Fructus;
			productName = Fructus;
			productReference = 6DAB78132BBBE5670094671C /* Fructus.app */;
			productType = "com.apple.product-type.application";
		};
/* End PBXNativeTarget section */

/* Begin PBXProject section */
		6DAB780B2BBBE5670094671C /* Project object */ = {
			isa = PBXProject;
			attributes = {
				BuildIndependentTargetsInParallel = 1;
				LastSwiftUpdateCheck = 1530;
				LastUpgradeCheck = 1530;
				TargetAttributes = {
					6DAB78122BBBE5670094671C = {
						CreatedOnToolsVersion = 15.3;
					};
				};
			};
			buildConfigurationList = 6DAB780E2BBBE5670094671C /* Build configuration list for PBXProject "Fructus" */;
			compatibilityVersion = "Xcode 14.0";
			developmentRegion = en;
			hasScannedForEncodings = 0;
			knownRegions = (
				en,
				Base,
			);
			mainGroup = 6DAB780A2BBBE5670094671C;
			productRefGroup = 6DAB78142BBBE5670094671C /* Products */;
			projectDirPath = "";
			projectRoot = "";
			targets = (
				6DAB78122BBBE5670094671C /* Fructus */,
			);
		};
/* End PBXProject section */

/* Begin PBXResourcesBuildPhase section */
		6DAB78112BBBE5670094671C /* Resources */ = {
			isa = PBXResourcesBuildPhase;
			buildActionMask = 2147483647;
			files = (
				6DAB781E2BBBE5680094671C /* Preview Assets.xcassets in Resources */,
				6DAB781B2BBBE5680094671C /* Assets.xcassets in Resources */,
			);
			runOnlyForDeploymentPostprocessing = 0;
		};
/* End PBXResourcesBuildPhase section */

/* Begin PBXSourcesBuildPhase section */
		6DAB780F2BBBE5670094671C /* Sources */ = {
			isa = PBXSourcesBuildPhase;
			buildActionMask = 2147483647;
			files = (
				6DAB78312BBC00B70094671C /* FruitData.swift in Sources */,
				6D0F14582BBDC4D400015AA9 /* SourceLinkView.swift in Sources */,
				6DAB78272BBBEA240094671C /* FruitCardView.swift in Sources */,
				6D0F14562BBDB8A300015AA9 /* FruitNutrientsView.swift in Sources */,
				6DAB78332BBC0D1A0094671C /* FruitRowView.swift in Sources */,
				6DAB78292BBBF2500094671C /* StartButtonView.swift in Sources */,
				6DC4878E2BBC7E7600C09280 /* FruitDetailView.swift in Sources */,
				6DAB78192BBBE5670094671C /* ContentView.swift in Sources */,
				6DAB782B2BBBFD0F0094671C /* OnboardingView.swift in Sources */,
				6D0F145A2BBDCC8200015AA9 /* SettingsView.swift in Sources */,
				6DAB782E2BBBFFBD0094671C /* FruitModel.swift in Sources */,
				6DAB78172BBBE5670094671C /* FructusApp.swift in Sources */,
			);
			runOnlyForDeploymentPostprocessing = 0;
		};
/* End PBXSourcesBuildPhase section */

/* Begin XCBuildConfiguration section */
		6DAB781F2BBBE5680094671C /* Debug */ = {
			isa = XCBuildConfiguration;
			buildSettings = {
				ALWAYS_SEARCH_USER_PATHS = NO;
				ASSETCATALOG_COMPILER_GENERATE_SWIFT_ASSET_SYMBOL_EXTENSIONS = YES;
				CLANG_ANALYZER_NONNULL = YES;
				CLANG_ANALYZER_NUMBER_OBJECT_CONVERSION = YES_AGGRESSIVE;
				CLANG_CXX_LANGUAGE_STANDARD = "gnu++20";
				CLANG_ENABLE_MODULES = YES;
				CLANG_ENABLE_OBJC_ARC = YES;
				CLANG_ENABLE_OBJC_WEAK = YES;
				CLANG_WARN_BLOCK_CAPTURE_AUTORELEASING = YES;
				CLANG_WARN_BOOL_CONVERSION = YES;
				CLANG_WARN_COMMA = YES;
				CLANG_WARN_CONSTANT_CONVERSION = YES;
				CLANG_WARN_DEPRECATED_OBJC_IMPLEMENTATIONS = YES;
				CLANG_WARN_DIRECT_OBJC_ISA_USAGE = YES_ERROR;
				CLANG_WARN_DOCUMENTATION_COMMENTS = YES;
				CLANG_WARN_EMPTY_BODY = YES;
				CLANG_WARN_ENUM_CONVERSION = YES;
				CLANG_WARN_INFINITE_RECURSION = YES;
				CLANG_WARN_INT_CONVERSION = YES;
				CLANG_WARN_NON_LITERAL_NULL_CONVERSION = YES;
				CLANG_WARN_OBJC_IMPLICIT_RETAIN_SELF = YES;
				CLANG_WARN_OBJC_LITERAL_CONVERSION = YES;
				CLANG_WARN_OBJC_ROOT_CLASS = YES_ERROR;
				CLANG_WARN_QUOTED_INCLUDE_IN_FRAMEWORK_HEADER = YES;
				CLANG_WARN_RANGE_LOOP_ANALYSIS = YES;
				CLANG_WARN_STRICT_PROTOTYPES = YES;
				CLANG_WARN_SUSPICIOUS_MOVE = YES;
				CLANG_WARN_UNGUARDED_AVAILABILITY = YES_AGGRESSIVE;
				CLANG_WARN_UNREACHABLE_CODE = YES;
				CLANG_WARN__DUPLICATE_METHOD_MATCH = YES;
				COPY_PHASE_STRIP = NO;
				DEBUG_INFORMATION_FORMAT = dwarf;
				ENABLE_STRICT_OBJC_MSGSEND = YES;
				ENABLE_TESTABILITY = YES;
				ENABLE_USER_SCRIPT_SANDBOXING = YES;
				GCC_C_LANGUAGE_STANDARD = gnu17;
				GCC_DYNAMIC_NO_PIC = NO;
				GCC_NO_COMMON_BLOCKS = YES;
				GCC_OPTIMIZATION_LEVEL = 0;
				GCC_PREPROCESSOR_DEFINITIONS = (
					"DEBUG=1",
					"$(inherited)",
				);
				GCC_WARN_64_TO_32_BIT_CONVERSION = YES;
				GCC_WARN_ABOUT_RETURN_TYPE = YES_ERROR;
				GCC_WARN_UNDECLARED_SELECTOR = YES;
				GCC_WARN_UNINITIALIZED_AUTOS = YES_AGGRESSIVE;
				GCC_WARN_UNUSED_FUNCTION = YES;
				GCC_WARN_UNUSED_VARIABLE = YES;
				IPHONEOS_DEPLOYMENT_TARGET = 17.4;
				LOCALIZATION_PREFERS_STRING_CATALOGS = YES;
				MTL_ENABLE_DEBUG_INFO = INCLUDE_SOURCE;
				MTL_FAST_MATH = YES;
				ONLY_ACTIVE_ARCH = YES;
				SDKROOT = iphoneos;
				SWIFT_ACTIVE_COMPILATION_CONDITIONS = "DEBUG $(inherited)";
				SWIFT_OPTIMIZATION_LEVEL = "-Onone";
			};
			name = Debug;
		};
		6DAB78202BBBE5680094671C /* Release */ = {
			isa = XCBuildConfiguration;
			buildSettings = {
				ALWAYS_SEARCH_USER_PATHS = NO;
				ASSETCATALOG_COMPILER_GENERATE_SWIFT_ASSET_SYMBOL_EXTENSIONS = YES;
				CLANG_ANALYZER_NONNULL = YES;
				CLANG_ANALYZER_NUMBER_OBJECT_CONVERSION = YES_AGGRESSIVE;
				CLANG_CXX_LANGUAGE_STANDARD = "gnu++20";
				CLANG_ENABLE_MODULES = YES;
				CLANG_ENABLE_OBJC_ARC = YES;
				CLANG_ENABLE_OBJC_WEAK = YES;
				CLANG_WARN_BLOCK_CAPTURE_AUTORELEASING = YES;
				CLANG_WARN_BOOL_CONVERSION = YES;
				CLANG_WARN_COMMA = YES;
				CLANG_WARN_CONSTANT_CONVERSION = YES;
				CLANG_WARN_DEPRECATED_OBJC_IMPLEMENTATIONS = YES;
				CLANG_WARN_DIRECT_OBJC_ISA_USAGE = YES_ERROR;
				CLANG_WARN_DOCUMENTATION_COMMENTS = YES;
				CLANG_WARN_EMPTY_BODY = YES;
				CLANG_WARN_ENUM_CONVERSION = YES;
				CLANG_WARN_INFINITE_RECURSION = YES;
				CLANG_WARN_INT_CONVERSION = YES;
				CLANG_WARN_NON_LITERAL_NULL_CONVERSION = YES;
				CLANG_WARN_OBJC_IMPLICIT_RETAIN_SELF = YES;
				CLANG_WARN_OBJC_LITERAL_CONVERSION = YES;
				CLANG_WARN_OBJC_ROOT_CLASS = YES_ERROR;
				CLANG_WARN_QUOTED_INCLUDE_IN_FRAMEWORK_HEADER = YES;
				CLANG_WARN_RANGE_LOOP_ANALYSIS = YES;
				CLANG_WARN_STRICT_PROTOTYPES = YES;
				CLANG_WARN_SUSPICIOUS_MOVE = YES;
				CLANG_WARN_UNGUARDED_AVAILABILITY = YES_AGGRESSIVE;
				CLANG_WARN_UNREACHABLE_CODE = YES;
				CLANG_WARN__DUPLICATE_METHOD_MATCH = YES;
				COPY_PHASE_STRIP = NO;
				DEBUG_INFORMATION_FORMAT = "dwarf-with-dsym";
				ENABLE_NS_ASSERTIONS = NO;
				ENABLE_STRICT_OBJC_MSGSEND = YES;
				ENABLE_USER_SCRIPT_SANDBOXING = YES;
				GCC_C_LANGUAGE_STANDARD = gnu17;
				GCC_NO_COMMON_BLOCKS = YES;
				GCC_WARN_64_TO_32_BIT_CONVERSION = YES;
				GCC_WARN_ABOUT_RETURN_TYPE = YES_ERROR;
				GCC_WARN_UNDECLARED_SELECTOR = YES;
				GCC_WARN_UNINITIALIZED_AUTOS = YES_AGGRESSIVE;
				GCC_WARN_UNUSED_FUNCTION = YES;
				GCC_WARN_UNUSED_VARIABLE = YES;
				IPHONEOS_DEPLOYMENT_TARGET = 17.4;
				LOCALIZATION_PREFERS_STRING_CATALOGS = YES;
				MTL_ENABLE_DEBUG_INFO = NO;
				MTL_FAST_MATH = YES;
				SDKROOT = iphoneos;
				SWIFT_COMPILATION_MODE = wholemodule;
				VALIDATE_PRODUCT = YES;
			};
			name = Release;
		};
		6DAB78222BBBE5680094671C /* Debug */ = {
			isa = XCBuildConfiguration;
			buildSettings = {
				ASSETCATALOG_COMPILER_APPICON_NAME = AppIcon;
				ASSETCATALOG_COMPILER_GLOBAL_ACCENT_COLOR_NAME = AccentColor;
				CODE_SIGN_STYLE = Automatic;
				CURRENT_PROJECT_VERSION = 1;
				DEVELOPMENT_ASSET_PATHS = "\"Fructus/Preview Content\"";
				ENABLE_PREVIEWS = YES;
				GENERATE_INFOPLIST_FILE = YES;
				INFOPLIST_KEY_UIApplicationSceneManifest_Generation = YES;
				INFOPLIST_KEY_UIApplicationSupportsIndirectInputEvents = YES;
				INFOPLIST_KEY_UILaunchScreen_Generation = YES;
				INFOPLIST_KEY_UISupportedInterfaceOrientations = UIInterfaceOrientationPortrait;
				LD_RUNPATH_SEARCH_PATHS = (
					"$(inherited)",
					"@executable_path/Frameworks",
				);
				MARKETING_VERSION = 1.0;
				PRODUCT_BUNDLE_IDENTIFIER = com.mobinahmed.Fructus;
				PRODUCT_NAME = "$(TARGET_NAME)";
				SWIFT_EMIT_LOC_STRINGS = YES;
				SWIFT_VERSION = 5.0;
				TARGETED_DEVICE_FAMILY = "1,2";
			};
			name = Debug;
		};
		6DAB78232BBBE5680094671C /* Release */ = {
			isa = XCBuildConfiguration;
			buildSettings = {
				ASSETCATALOG_COMPILER_APPICON_NAME = AppIcon;
				ASSETCATALOG_COMPILER_GLOBAL_ACCENT_COLOR_NAME = AccentColor;
				CODE_SIGN_STYLE = Automatic;
				CURRENT_PROJECT_VERSION = 1;
				DEVELOPMENT_ASSET_PATHS = "\"Fructus/Preview Content\"";
				ENABLE_PREVIEWS = YES;
				GENERATE_INFOPLIST_FILE = YES;
				INFOPLIST_KEY_UIApplicationSceneManifest_Generation = YES;
				INFOPLIST_KEY_UIApplicationSupportsIndirectInputEvents = YES;
				INFOPLIST_KEY_UILaunchScreen_Generation = YES;
				INFOPLIST_KEY_UISupportedInterfaceOrientations = UIInterfaceOrientationPortrait;
				LD_RUNPATH_SEARCH_PATHS = (
					"$(inherited)",
					"@executable_path/Frameworks",
				);
				MARKETING_VERSION = 1.0;
				PRODUCT_BUNDLE_IDENTIFIER = com.mobinahmed.Fructus;
				PRODUCT_NAME = "$(TARGET_NAME)";
				SWIFT_EMIT_LOC_STRINGS = YES;
				SWIFT_VERSION = 5.0;
				TARGETED_DEVICE_FAMILY = "1,2";
			};
			name = Release;
		};
/* End XCBuildConfiguration section */

/* Begin XCConfigurationList section */
		6DAB780E2BBBE5670094671C /* Build configuration list for PBXProject "Fructus" */ = {
			isa = XCConfigurationList;
			buildConfigurations = (
				6DAB781F2BBBE5680094671C /* Debug */,
				6DAB78202BBBE5680094671C /* Release */,
			);
			defaultConfigurationIsVisible = 0;
			defaultConfigurationName = Release;
		};
		6DAB78212BBBE5680094671C /* Build configuration list for PBXNativeTarget "Fructus" */ = {
			isa = XCConfigurationList;
			buildConfigurations = (
				6DAB78222BBBE5680094671C /* Debug */,
				6DAB78232BBBE5680094671C /* Release */,
			);
			defaultConfigurationIsVisible = 0;
			defaultConfigurationName = Release;
		};
/* End XCConfigurationList section */
	};
	rootObject = 6DAB780B2BBBE5670094671C /* Project object */;
}
